
Microsoft Visual Studio Solution File, Format Version 12.00
# Visual Studio 15
VisualStudioVersion = 15.0.27130.2026
MinimumVisualStudioVersion = 10.0.40219.1
Project("{FAE04EC0-301F-11D3-BF4B-00C04F79EFBC}") = "OrderFruit", "OrderFruit\OrderFruit.csproj", "{82824B35-FA3E-4CD7-A263-B38F5215B381}"
EndProject
Global
	GlobalSection(SolutionConfigurationPlatforms) = preSolution
		Debug|Any CPU = Debug|Any CPU
		Release|Any CPU = Release|Any CPU
	EndGlobalSection
	GlobalSection(ProjectConfigurationPlatforms) = postSolution
		{82824B35-FA3E-4CD7-A263-B38F5215B381}.Debug|Any CPU.ActiveCfg = Debug|Any CPU
		{82824B35-FA3E-4CD7-A263-B38F5215B381}.Debug|Any CPU.Build.0 = Debug|Any CPU
		{82824B35-FA3E-4CD7-A263-B38F5215B381}.Release|Any CPU.ActiveCfg = Release|Any CPU
		{82824B35-FA3E-4CD7-A263-B38F5215B381}.Release|Any CPU.Build.0 = Release|Any CPU
	EndGlobalSection
	GlobalSection(SolutionProperties) = preSolution
		HideSolutionNode = FALSE
	EndGlobalSection
	GlobalSection(ExtensibilityGlobals) = postSolution
		SolutionGuid = {76D25557-DC9E-4629-AECD-8DB2536CF861}
	EndGlobalSection
EndGlobal
